<?xml version="1.0" encoding="utf-8"?>
<Project ToolsVersion="4.0" xmlns="http://schemas.microsoft.com/developer/msbuild/2003">
  <ItemGroup>
    <Filter Include="Source Files">
      <UniqueIdentifier>{4FC737F1-C7A5-4376-A066-2A32D752A2FF}</UniqueIdentifier>
      <Extensions>cpp;c;cc;cxx;def;odl;idl;hpj;bat;asm;asmx</Extensions>
    </Filter>
    <Filter Include="Header Files">
      <UniqueIdentifier>{93995380-89BD-4b04-88EB-625FBE52EBFB}</UniqueIdentifier>
      <Extensions>h;hh;hpp;hxx;hm;inl;inc;ipp;xsd</Extensions>
    </Filter>
    <Filter Include="Resource Files">
      <UniqueIdentifier>{67DA6AB6-F800-4c08-8B7A-83BB121AAD01}</UniqueIdentifier>
      <Extensions>rc;ico;cur;bmp;dlg;rc2;rct;bin;rgs;gif;jpg;jpeg;jpe;resx;tiff;tif;png;wav;mfcribbon-ms</Extensions>
    </Filter>
    <Filter Include="Header Files\Unused">
      <UniqueIdentifier>{4b3ee89a-4da6-4143-8e02-8d9398808ba1}</UniqueIdentifier>
    </Filter>
    <Filter Include="Source Files\Unused">
      <UniqueIdentifier>{882400e2-461b-4a76-bf12-4bb89a70c9e3}</UniqueIdentifier>
    </Filter>
    <Filter Include="Source Files\Samples">
      <UniqueIdentifier>{c3e90595-dc17-4a08-80a2-50a868e6e2ed}</UniqueIdentifier>
    </Filter>
    <Filter Include="Source Files\Allocator">
      <UniqueIdentifier>{ee1095d8-76ba-4775-8a73-54c2ba4a72b9}</UniqueIdentifier>
    </Filter>
    <Filter Include="Source Files\Template">
      <UniqueIdentifier>{467cf4b6-02d2-46e4-8592-7c088e600e1d}</UniqueIdentifier>
    </Filter>
    <Filter Include="Source Files\Allocator_Moya">
      <UniqueIdentifier>{476c2917-db86-4145-88eb-1361f223a77e}</UniqueIdentifier>
    </Filter>
  </ItemGroup>
  <ItemGroup>
    <ClCompile Include="aop.cpp">
      <Filter>Source Files</Filter>
    </ClCompile>
    <ClCompile Include="fn_universal.cpp">
      <Filter>Source Files</Filter>
    </ClCompile>
    <ClCompile Include="FunctionalPipeline.cpp">
      <Filter>Source Files</Filter>
    </ClCompile>
    <ClCompile Include="listcompr.cpp">
      <Filter>Source Files</Filter>
    </ClCompile>
    <ClCompile Include="PracticePipe.cpp">
      <Filter>Source Files</Filter>
    </ClCompile>
    <ClCompile Include="PracticeUniversal.cpp">
      <Filter>Source Files</Filter>
    </ClCompile>
    <ClCompile Include="TestSamples.cpp">
      <Filter>Source Files</Filter>
    </ClCompile>
    <ClCompile Include="MVJSON.cpp">
      <Filter>Source Files\Unused</Filter>
    </ClCompile>
    <ClCompile Include="FunctionalLensesForCpp14.cpp">
      <Filter>Source Files\Unused</Filter>
    </ClCompile>
    <ClCompile Include="foldExpression.cpp">
      <Filter>Source Files\Unused</Filter>
    </ClCompile>
    <ClCompile Include="Samples\c_core_guidelines_template_definitons.cpp">
      <Filter>Source Files\Samples</Filter>
    </ClCompile>
    <ClCompile Include="TestSample2.cpp">
      <Filter>Source Files</Filter>
    </ClCompile>
    <ClCompile Include="Concurrents.cpp">
      <Filter>Source Files</Filter>
    </ClCompile>
    <ClCompile Include="OpenMPTest.cpp">
      <Filter>Source Files</Filter>
    </ClCompile>
    <ClCompile Include="TestSample3.cpp">
      <Filter>Source Files</Filter>
    </ClCompile>
    <ClCompile Include="MeasurePerformance.cpp">
      <Filter>Source Files</Filter>
    </ClCompile>
    <ClCompile Include="AllocatorTest.cpp">
      <Filter>Source Files\Allocator</Filter>
    </ClCompile>
    <ClCompile Include="temporary_allocations.cpp">
      <Filter>Source Files\Allocator</Filter>
    </ClCompile>
    <ClCompile Include="MorningMusings.cpp">
      <Filter>Source Files\Allocator</Filter>
    </ClCompile>
    <ClCompile Include="Measure.cpp">
      <Filter>Source Files\Allocator_Moya</Filter>
    </ClCompile>
  </ItemGroup>
  <ItemGroup>
    <ClInclude Include="includes.h">
      <Filter>Header Files</Filter>
    </ClInclude>
    <ClInclude Include="NamedTuple.h">
      <Filter>Header Files</Filter>
    </ClInclude>
    <ClInclude Include="MVJSON.h">
      <Filter>Header Files</Filter>
    </ClInclude>
    <ClInclude Include="Declaration.h">
      <Filter>Header Files\Unused</Filter>
    </ClInclude>
    <ClInclude Include="Usage.h">
      <Filter>Header Files\Unused</Filter>
    </ClInclude>
    <ClInclude Include="Serialisation.h">
      <Filter>Header Files\Unused</Filter>
    </ClInclude>
    <ClInclude Include="distance.h">
      <Filter>Header Files</Filter>
    </ClInclude>
    <ClInclude Include="unit.h">
      <Filter>Header Files</Filter>
    </ClInclude>
    <ClInclude Include="vectorArithmeticOperatorOverloading.h">
      <Filter>Header Files</Filter>
    </ClInclude>
    <ClInclude Include="vectorArithmeticExpressionTemplates.h">
      <Filter>Header Files</Filter>
    </ClInclude>
    <ClInclude Include="spinlockAcquireRelease.h">
      <Filter>Header Files</Filter>
    </ClInclude>
    <ClInclude Include="Allocator.h">
      <Filter>Source Files\Allocator_Moya</Filter>
    </ClInclude>
  </ItemGroup>
</Project>